
Microsoft Visual Studio Solution File, Format Version 12.00
# Visual Studio Version 17
VisualStudioVersion = 17.5.33530.505
MinimumVisualStudioVersion = 10.0.40219.1
Project("{FAE04EC0-301F-11D3-BF4B-00C04F79EFBC}") = "Combustivel", "Combustivel\Combustivel.csproj", "{8719DC29-26F6-42A7-ABB2-FBC6E0C95747}"
EndProject
Global
	GlobalSection(SolutionConfigurationPlatforms) = preSolution
		Debug|Any CPU = Debug|Any CPU
		Release|Any CPU = Release|Any CPU
	EndGlobalSection
	GlobalSection(ProjectConfigurationPlatforms) = postSolution
		{8719DC29-26F6-42A7-ABB2-FBC6E0C95747}.Debug|Any CPU.ActiveCfg = Debug|Any CPU
		{8719DC29-26F6-42A7-ABB2-FBC6E0C95747}.Debug|Any CPU.Build.0 = Debug|Any CPU
		{8719DC29-26F6-42A7-ABB2-FBC6E0C95747}.Release|Any CPU.ActiveCfg = Release|Any CPU
		{8719DC29-26F6-42A7-ABB2-FBC6E0C95747}.Release|Any CPU.Build.0 = Release|Any CPU
	EndGlobalSection
	GlobalSection(SolutionProperties) = preSolution
		HideSolutionNode = FALSE
	EndGlobalSection
	GlobalSection(ExtensibilityGlobals) = postSolution
		SolutionGuid = {D2F88113-3780-4DFA-847A-38C836FFB43B}
	EndGlobalSection
EndGlobal
