
Microsoft Visual Studio Solution File, Format Version 12.00
# Visual Studio Version 17
VisualStudioVersion = 17.5.33530.505
MinimumVisualStudioVersion = 10.0.40219.1
Project("{FAE04EC0-301F-11D3-BF4B-00C04F79EFBC}") = "Fatorial", "Fatorial\Fatorial.csproj", "{D9510DFC-FDF2-456F-99AB-B8C60C2297BD}"
EndProject
Global
	GlobalSection(SolutionConfigurationPlatforms) = preSolution
		Debug|Any CPU = Debug|Any CPU
		Release|Any CPU = Release|Any CPU
	EndGlobalSection
	GlobalSection(ProjectConfigurationPlatforms) = postSolution
		{D9510DFC-FDF2-456F-99AB-B8C60C2297BD}.Debug|Any CPU.ActiveCfg = Debug|Any CPU
		{D9510DFC-FDF2-456F-99AB-B8C60C2297BD}.Debug|Any CPU.Build.0 = Debug|Any CPU
		{D9510DFC-FDF2-456F-99AB-B8C60C2297BD}.Release|Any CPU.ActiveCfg = Release|Any CPU
		{D9510DFC-FDF2-456F-99AB-B8C60C2297BD}.Release|Any CPU.Build.0 = Release|Any CPU
	EndGlobalSection
	GlobalSection(SolutionProperties) = preSolution
		HideSolutionNode = FALSE
	EndGlobalSection
	GlobalSection(ExtensibilityGlobals) = postSolution
		SolutionGuid = {2B03D27B-9D8A-4621-B78A-94C15A7409A2}
	EndGlobalSection
EndGlobal
