
Microsoft Visual Studio Solution File, Format Version 12.00
# Visual Studio Version 17
VisualStudioVersion = 17.5.33530.505
MinimumVisualStudioVersion = 10.0.40219.1
Project("{FAE04EC0-301F-11D3-BF4B-00C04F79EFBC}") = "Baskara", "Baskara\Baskara.csproj", "{BB612D26-7125-4F0A-9ECA-99863946A77E}"
EndProject
Global
	GlobalSection(SolutionConfigurationPlatforms) = preSolution
		Debug|Any CPU = Debug|Any CPU
		Release|Any CPU = Release|Any CPU
	EndGlobalSection
	GlobalSection(ProjectConfigurationPlatforms) = postSolution
		{BB612D26-7125-4F0A-9ECA-99863946A77E}.Debug|Any CPU.ActiveCfg = Debug|Any CPU
		{BB612D26-7125-4F0A-9ECA-99863946A77E}.Debug|Any CPU.Build.0 = Debug|Any CPU
		{BB612D26-7125-4F0A-9ECA-99863946A77E}.Release|Any CPU.ActiveCfg = Release|Any CPU
		{BB612D26-7125-4F0A-9ECA-99863946A77E}.Release|Any CPU.Build.0 = Release|Any CPU
	EndGlobalSection
	GlobalSection(SolutionProperties) = preSolution
		HideSolutionNode = FALSE
	EndGlobalSection
	GlobalSection(ExtensibilityGlobals) = postSolution
		SolutionGuid = {DF0CD6B6-6AED-4101-BDAE-C71BDBE3CF71}
	EndGlobalSection
EndGlobal
