
Microsoft Visual Studio Solution File, Format Version 12.00
# Visual Studio Version 17
VisualStudioVersion = 17.5.33530.505
MinimumVisualStudioVersion = 10.0.40219.1
Project("{FAE04EC0-301F-11D3-BF4B-00C04F79EFBC}") = "Temperatura", "Temperatura\Temperatura.csproj", "{D380DB55-80C8-4C70-8FD1-86B05191127B}"
EndProject
Global
	GlobalSection(SolutionConfigurationPlatforms) = preSolution
		Debug|Any CPU = Debug|Any CPU
		Release|Any CPU = Release|Any CPU
	EndGlobalSection
	GlobalSection(ProjectConfigurationPlatforms) = postSolution
		{D380DB55-80C8-4C70-8FD1-86B05191127B}.Debug|Any CPU.ActiveCfg = Debug|Any CPU
		{D380DB55-80C8-4C70-8FD1-86B05191127B}.Debug|Any CPU.Build.0 = Debug|Any CPU
		{D380DB55-80C8-4C70-8FD1-86B05191127B}.Release|Any CPU.ActiveCfg = Release|Any CPU
		{D380DB55-80C8-4C70-8FD1-86B05191127B}.Release|Any CPU.Build.0 = Release|Any CPU
	EndGlobalSection
	GlobalSection(SolutionProperties) = preSolution
		HideSolutionNode = FALSE
	EndGlobalSection
	GlobalSection(ExtensibilityGlobals) = postSolution
		SolutionGuid = {CB99E169-76D2-472F-B3EA-66E18FEF0AED}
	EndGlobalSection
EndGlobal
