
Microsoft Visual Studio Solution File, Format Version 12.00
# Visual Studio Version 17
VisualStudioVersion = 17.5.33530.505
MinimumVisualStudioVersion = 10.0.40219.1
Project("{FAE04EC0-301F-11D3-BF4B-00C04F79EFBC}") = "Crescente", "Crescente\Crescente.csproj", "{AC2A07F4-51E3-44FC-AB68-99D16A3716F2}"
EndProject
Global
	GlobalSection(SolutionConfigurationPlatforms) = preSolution
		Debug|Any CPU = Debug|Any CPU
		Release|Any CPU = Release|Any CPU
	EndGlobalSection
	GlobalSection(ProjectConfigurationPlatforms) = postSolution
		{AC2A07F4-51E3-44FC-AB68-99D16A3716F2}.Debug|Any CPU.ActiveCfg = Debug|Any CPU
		{AC2A07F4-51E3-44FC-AB68-99D16A3716F2}.Debug|Any CPU.Build.0 = Debug|Any CPU
		{AC2A07F4-51E3-44FC-AB68-99D16A3716F2}.Release|Any CPU.ActiveCfg = Release|Any CPU
		{AC2A07F4-51E3-44FC-AB68-99D16A3716F2}.Release|Any CPU.Build.0 = Release|Any CPU
	EndGlobalSection
	GlobalSection(SolutionProperties) = preSolution
		HideSolutionNode = FALSE
	EndGlobalSection
	GlobalSection(ExtensibilityGlobals) = postSolution
		SolutionGuid = {BACC2519-EA53-4C69-B839-9DC817EF227C}
	EndGlobalSection
EndGlobal
