
Microsoft Visual Studio Solution File, Format Version 12.00
# Visual Studio Version 17
VisualStudioVersion = 17.5.33530.505
MinimumVisualStudioVersion = 10.0.40219.1
Project("{FAE04EC0-301F-11D3-BF4B-00C04F79EFBC}") = "Menor_de_tres", "Menor_de_tres\Menor_de_tres.csproj", "{A0616552-1994-4E04-BE34-0EC1DAFEEE0B}"
EndProject
Global
	GlobalSection(SolutionConfigurationPlatforms) = preSolution
		Debug|Any CPU = Debug|Any CPU
		Release|Any CPU = Release|Any CPU
	EndGlobalSection
	GlobalSection(ProjectConfigurationPlatforms) = postSolution
		{A0616552-1994-4E04-BE34-0EC1DAFEEE0B}.Debug|Any CPU.ActiveCfg = Debug|Any CPU
		{A0616552-1994-4E04-BE34-0EC1DAFEEE0B}.Debug|Any CPU.Build.0 = Debug|Any CPU
		{A0616552-1994-4E04-BE34-0EC1DAFEEE0B}.Release|Any CPU.ActiveCfg = Release|Any CPU
		{A0616552-1994-4E04-BE34-0EC1DAFEEE0B}.Release|Any CPU.Build.0 = Release|Any CPU
	EndGlobalSection
	GlobalSection(SolutionProperties) = preSolution
		HideSolutionNode = FALSE
	EndGlobalSection
	GlobalSection(ExtensibilityGlobals) = postSolution
		SolutionGuid = {136F4770-8FE0-4AB1-9B18-F9C1027CD52A}
	EndGlobalSection
EndGlobal
