
Microsoft Visual Studio Solution File, Format Version 12.00
# Visual Studio Version 17
VisualStudioVersion = 17.5.33530.505
MinimumVisualStudioVersion = 10.0.40219.1
Project("{FAE04EC0-301F-11D3-BF4B-00C04F79EFBC}") = "Medidas", "Medidas\Medidas.csproj", "{49A198A3-9B56-497F-8580-3F210660A894}"
EndProject
Global
	GlobalSection(SolutionConfigurationPlatforms) = preSolution
		Debug|Any CPU = Debug|Any CPU
		Release|Any CPU = Release|Any CPU
	EndGlobalSection
	GlobalSection(ProjectConfigurationPlatforms) = postSolution
		{49A198A3-9B56-497F-8580-3F210660A894}.Debug|Any CPU.ActiveCfg = Debug|Any CPU
		{49A198A3-9B56-497F-8580-3F210660A894}.Debug|Any CPU.Build.0 = Debug|Any CPU
		{49A198A3-9B56-497F-8580-3F210660A894}.Release|Any CPU.ActiveCfg = Release|Any CPU
		{49A198A3-9B56-497F-8580-3F210660A894}.Release|Any CPU.Build.0 = Release|Any CPU
	EndGlobalSection
	GlobalSection(SolutionProperties) = preSolution
		HideSolutionNode = FALSE
	EndGlobalSection
	GlobalSection(ExtensibilityGlobals) = postSolution
		SolutionGuid = {4DDA9085-FDDC-4883-B22E-4C2135BF24EE}
	EndGlobalSection
EndGlobal
