
Microsoft Visual Studio Solution File, Format Version 12.00
# Visual Studio Version 17
VisualStudioVersion = 17.5.33530.505
MinimumVisualStudioVersion = 10.0.40219.1
Project("{FAE04EC0-301F-11D3-BF4B-00C04F79EFBC}") = "Media_ponderada", "Media_ponderada\Media_ponderada.csproj", "{F52F4459-7975-4917-A252-A0F42E153E2E}"
EndProject
Global
	GlobalSection(SolutionConfigurationPlatforms) = preSolution
		Debug|Any CPU = Debug|Any CPU
		Release|Any CPU = Release|Any CPU
	EndGlobalSection
	GlobalSection(ProjectConfigurationPlatforms) = postSolution
		{F52F4459-7975-4917-A252-A0F42E153E2E}.Debug|Any CPU.ActiveCfg = Debug|Any CPU
		{F52F4459-7975-4917-A252-A0F42E153E2E}.Debug|Any CPU.Build.0 = Debug|Any CPU
		{F52F4459-7975-4917-A252-A0F42E153E2E}.Release|Any CPU.ActiveCfg = Release|Any CPU
		{F52F4459-7975-4917-A252-A0F42E153E2E}.Release|Any CPU.Build.0 = Release|Any CPU
	EndGlobalSection
	GlobalSection(SolutionProperties) = preSolution
		HideSolutionNode = FALSE
	EndGlobalSection
	GlobalSection(ExtensibilityGlobals) = postSolution
		SolutionGuid = {13CA1C6D-8D1B-4948-85F1-006A5CFC2EC3}
	EndGlobalSection
EndGlobal
